
Microsoft Visual Studio Solution File, Format Version 12.00
# Visual Studio 15
VisualStudioVersion = 15.0.28010.2036
MinimumVisualStudioVersion = 10.0.40219.1
Project("{FAE04EC0-301F-11D3-BF4B-00C04F79EFBC}") = "CM_EA_20181124", "CM_EA_20181124\CM_EA_20181124.csproj", "{79E41B7F-4AE9-4FE0-AF66-1CEBBB32E7EF}"
EndProject
Project("{FAE04EC0-301F-11D3-BF4B-00C04F79EFBC}") = "ZadaniaWPF", "ZadaniaWPF\ZadaniaWPF.csproj", "{EB2F2A3D-F212-45B3-8C78-ADFB4444EF74}"
EndProject
Project("{FAE04EC0-301F-11D3-BF4B-00C04F79EFBC}") = "Events", "Events\Events.csproj", "{BF72E42B-1616-4463-9D03-7C390ADE2EDD}"
EndProject
Global
	GlobalSection(SolutionConfigurationPlatforms) = preSolution
		Debug|Any CPU = Debug|Any CPU
		Release|Any CPU = Release|Any CPU
	EndGlobalSection
	GlobalSection(ProjectConfigurationPlatforms) = postSolution
		{79E41B7F-4AE9-4FE0-AF66-1CEBBB32E7EF}.Debug|Any CPU.ActiveCfg = Debug|Any CPU
		{79E41B7F-4AE9-4FE0-AF66-1CEBBB32E7EF}.Debug|Any CPU.Build.0 = Debug|Any CPU
		{79E41B7F-4AE9-4FE0-AF66-1CEBBB32E7EF}.Release|Any CPU.ActiveCfg = Release|Any CPU
		{79E41B7F-4AE9-4FE0-AF66-1CEBBB32E7EF}.Release|Any CPU.Build.0 = Release|Any CPU
		{EB2F2A3D-F212-45B3-8C78-ADFB4444EF74}.Debug|Any CPU.ActiveCfg = Debug|Any CPU
		{EB2F2A3D-F212-45B3-8C78-ADFB4444EF74}.Debug|Any CPU.Build.0 = Debug|Any CPU
		{EB2F2A3D-F212-45B3-8C78-ADFB4444EF74}.Release|Any CPU.ActiveCfg = Release|Any CPU
		{EB2F2A3D-F212-45B3-8C78-ADFB4444EF74}.Release|Any CPU.Build.0 = Release|Any CPU
		{BF72E42B-1616-4463-9D03-7C390ADE2EDD}.Debug|Any CPU.ActiveCfg = Debug|Any CPU
		{BF72E42B-1616-4463-9D03-7C390ADE2EDD}.Debug|Any CPU.Build.0 = Debug|Any CPU
		{BF72E42B-1616-4463-9D03-7C390ADE2EDD}.Release|Any CPU.ActiveCfg = Release|Any CPU
		{BF72E42B-1616-4463-9D03-7C390ADE2EDD}.Release|Any CPU.Build.0 = Release|Any CPU
	EndGlobalSection
	GlobalSection(SolutionProperties) = preSolution
		HideSolutionNode = FALSE
	EndGlobalSection
	GlobalSection(ExtensibilityGlobals) = postSolution
		SolutionGuid = {1E197013-B36B-4625-89FC-0254332EC1F5}
	EndGlobalSection
EndGlobal
